
Microsoft Visual Studio Solution File, Format Version 12.00
# Visual Studio Version 17
VisualStudioVersion = 17.14.37111.16 d17.14
MinimumVisualStudioVersion = 10.0.40219.1
Project("{FAE04EC0-301F-11D3-BF4B-00C04F79EFBC}") = "TvcLesson04Models", "TvcLesson04Models.csproj", "{1749DD97-45E3-408A-BB34-952771A194DE}"
EndProject
Global
	GlobalSection(SolutionConfigurationPlatforms) = preSolution
		Debug|Any CPU = Debug|Any CPU
		Release|Any CPU = Release|Any CPU
	EndGlobalSection
	GlobalSection(ProjectConfigurationPlatforms) = postSolution
		{1749DD97-45E3-408A-BB34-952771A194DE}.Debug|Any CPU.ActiveCfg = Debug|Any CPU
		{1749DD97-45E3-408A-BB34-952771A194DE}.Debug|Any CPU.Build.0 = Debug|Any CPU
		{1749DD97-45E3-408A-BB34-952771A194DE}.Release|Any CPU.ActiveCfg = Release|Any CPU
		{1749DD97-45E3-408A-BB34-952771A194DE}.Release|Any CPU.Build.0 = Release|Any CPU
	EndGlobalSection
	GlobalSection(SolutionProperties) = preSolution
		HideSolutionNode = FALSE
	EndGlobalSection
	GlobalSection(ExtensibilityGlobals) = postSolution
		SolutionGuid = {1625C3A9-2BF2-49ED-88C1-1346700E7320}
	EndGlobalSection
EndGlobal
